// !$*UTF8*$!
{
	archiveVersion = 1;
	classes = {
	};
	objectVersion = 46;
	objects = {

/* Begin PBXBuildFile section */
		A525AA131CF29BA100F3B4C9 /* bullet.jpg in Resources */ = {isa = PBXBuildFile; fileRef = A525AA121CF29BA100F3B4C9 /* bullet.jpg */; };
		A525AA191CF2A83300F3B4C9 /* player.jpg in Resources */ = {isa = PBXBuildFile; fileRef = A525AA181CF2A83300F3B4C9 /* player.jpg */; };
		A54B436C1CF190D300A5F261 /* main.m in Sources */ = {isa = PBXBuildFile; fileRef = A54B436B1CF190D300A5F261 /* main.m */; };
		A54B436F1CF190D300A5F261 /* AppDelegate.m in Sources */ = {isa = PBXBuildFile; fileRef = A54B436E1CF190D300A5F261 /* AppDelegate.m */; };
		A54B43721CF190D300A5F261 /* GameScene.m in Sources */ = {isa = PBXBuildFile; fileRef = A54B43711CF190D300A5F261 /* GameScene.m */; };
		A54B43741CF190D300A5F261 /* GameScene.sks in Resources */ = {isa = PBXBuildFile; fileRef = A54B43731CF190D300A5F261 /* GameScene.sks */; };
		A54B43771CF190D400A5F261 /* GameViewController.m in Sources */ = {isa = PBXBuildFile; fileRef = A54B43761CF190D400A5F261 /* GameViewController.m */; };
		A54B437A1CF190D400A5F261 /* Main.storyboard in Resources */ = {isa = PBXBuildFile; fileRef = A54B43781CF190D400A5F261 /* Main.storyboard */; };
		A54B437C1CF190D400A5F261 /* Assets.xcassets in Resources */ = {isa = PBXBuildFile; fileRef = A54B437B1CF190D400A5F261 /* Assets.xcassets */; };
		A54B437F1CF190D400A5F261 /* LaunchScreen.storyboard in Resources */ = {isa = PBXBuildFile; fileRef = A54B437D1CF190D400A5F261 /* LaunchScreen.storyboard */; };
		A54B438D1CF1BF7000A5F261 /* monster.jpg in Resources */ = {isa = PBXBuildFile; fileRef = A54B438C1CF1BF7000A5F261 /* monster.jpg */; };
		A54B43901CF1CBF800A5F261 /* GameOverScene.m in Sources */ = {isa = PBXBuildFile; fileRef = A54B438F1CF1CBF800A5F261 /* GameOverScene.m */; };
		A5D5A2851CF30C1C0019F03E /* GameAgainBtn.m in Sources */ = {isa = PBXBuildFile; fileRef = A5D5A2841CF30C1C0019F03E /* GameAgainBtn.m */; };
/* End PBXBuildFile section */

/* Begin PBXFileReference section */
		A525AA121CF29BA100F3B4C9 /* bullet.jpg */ = {isa = PBXFileReference; lastKnownFileType = image.jpeg; path = bullet.jpg; sourceTree = "<group>"; };
		A525AA181CF2A83300F3B4C9 /* player.jpg */ = {isa = PBXFileReference; lastKnownFileType = image.jpeg; path = player.jpg; sourceTree = "<group>"; };
		A54B43671CF190D300A5F261 /* A game.app */ = {isa = PBXFileReference; explicitFileType = wrapper.application; includeInIndex = 0; path = "A game.app"; sourceTree = BUILT_PRODUCTS_DIR; };
		A54B436B1CF190D300A5F261 /* main.m */ = {isa = PBXFileReference; lastKnownFileType = sourcecode.c.objc; path = main.m; sourceTree = "<group>"; };
		A54B436D1CF190D300A5F261 /* AppDelegate.h */ = {isa = PBXFileReference; lastKnownFileType = sourcecode.c.h; path = AppDelegate.h; sourceTree = "<group>"; };
		A54B436E1CF190D300A5F261 /* AppDelegate.m */ = {isa = PBXFileReference; lastKnownFileType = sourcecode.c.objc; path = AppDelegate.m; sourceTree = "<group>"; };
		A54B43701CF190D300A5F261 /* GameScene.h */ = {isa = PBXFileReference; lastKnownFileType = sourcecode.c.h; path = GameScene.h; sourceTree = "<group>"; };
		A54B43711CF190D300A5F261 /* GameScene.m */ = {isa = PBXFileReference; lastKnownFileType = sourcecode.c.objc; path = GameScene.m; sourceTree = "<group>"; };
		A54B43731CF190D300A5F261 /* GameScene.sks */ = {isa = PBXFileReference; lastKnownFileType = file.sks; path = GameScene.sks; sourceTree = "<group>"; };
		A54B43751CF190D400A5F261 /* GameViewController.h */ = {isa = PBXFileReference; lastKnownFileType = sourcecode.c.h; path = GameViewController.h; sourceTree = "<group>"; };
		A54B43761CF190D400A5F261 /* GameViewController.m */ = {isa = PBXFileReference; lastKnownFileType = sourcecode.c.objc; path = GameViewController.m; sourceTree = "<group>"; };
		A54B43791CF190D400A5F261 /* Base */ = {isa = PBXFileReference; lastKnownFileType = file.storyboard; name = Base; path = Base.lproj/Main.storyboard; sourceTree = "<group>"; };
		A54B437B1CF190D400A5F261 /* Assets.xcassets */ = {isa = PBXFileReference; lastKnownFileType = folder.assetcatalog; path = Assets.xcassets; sourceTree = "<group>"; };
		A54B437E1CF190D400A5F261 /* Base */ = {isa = PBXFileReference; lastKnownFileType = file.storyboard; name = Base; path = Base.lproj/LaunchScreen.storyboard; sourceTree = "<group>"; };
		A54B43801CF190D400A5F261 /* Info.plist */ = {isa = PBXFileReference; lastKnownFileType = text.plist.xml; path = Info.plist; sourceTree = "<group>"; };
		A54B438C1CF1BF7000A5F261 /* monster.jpg */ = {isa = PBXFileReference; lastKnownFileType = image.jpeg; path = monster.jpg; sourceTree = "<group>"; };
		A54B438E1CF1CBF800A5F261 /* GameOverScene.h */ = {isa = PBXFileReference; fileEncoding = 4; lastKnownFileType = sourcecode.c.h; path = GameOverScene.h; sourceTree = "<group>"; };
		A54B438F1CF1CBF800A5F261 /* GameOverScene.m */ = {isa = PBXFileReference; fileEncoding = 4; lastKnownFileType = sourcecode.c.objc; path = GameOverScene.m; sourceTree = "<group>"; };
		A5D5A2831CF30C1C0019F03E /* GameAgainBtn.h */ = {isa = PBXFileReference; fileEncoding = 4; lastKnownFileType = sourcecode.c.h; path = GameAgainBtn.h; sourceTree = "<group>"; };
		A5D5A2841CF30C1C0019F03E /* GameAgainBtn.m */ = {isa = PBXFileReference; fileEncoding = 4; lastKnownFileType = sourcecode.c.objc; path = GameAgainBtn.m; sourceTree = "<group>"; };
/* End PBXFileReference section */

/* Begin PBXFrameworksBuildPhase section */
		A54B43641CF190D300A5F261 /* Frameworks */ = {
			isa = PBXFrameworksBuildPhase;
			buildActionMask = 2147483647;
			files = (
			);
			runOnlyForDeploymentPostprocessing = 0;
		};
/* End PBXFrameworksBuildPhase section */

/* Begin PBXGroup section */
		A54B435E1CF190D300A5F261 = {
			isa = PBXGroup;
			children = (
				A54B43691CF190D300A5F261 /* A game */,
				A54B43681CF190D300A5F261 /* Products */,
			);
			sourceTree = "<group>";
		};
		A54B43681CF190D300A5F261 /* Products */ = {
			isa = PBXGroup;
			children = (
				A54B43671CF190D300A5F261 /* A game.app */,
			);
			name = Products;
			sourceTree = "<group>";
		};
		A54B43691CF190D300A5F261 /* A game */ = {
			isa = PBXGroup;
			children = (
				A54B436D1CF190D300A5F261 /* AppDelegate.h */,
				A54B436E1CF190D300A5F261 /* AppDelegate.m */,
				A54B43701CF190D300A5F261 /* GameScene.h */,
				A54B43711CF190D300A5F261 /* GameScene.m */,
				A54B438E1CF1CBF800A5F261 /* GameOverScene.h */,
				A54B438F1CF1CBF800A5F261 /* GameOverScene.m */,
				A5D5A2831CF30C1C0019F03E /* GameAgainBtn.h */,
				A5D5A2841CF30C1C0019F03E /* GameAgainBtn.m */,
				A54B43731CF190D300A5F261 /* GameScene.sks */,
				A54B43751CF190D400A5F261 /* GameViewController.h */,
				A54B43761CF190D400A5F261 /* GameViewController.m */,
				A525AA121CF29BA100F3B4C9 /* bullet.jpg */,
				A54B438C1CF1BF7000A5F261 /* monster.jpg */,
				A525AA181CF2A83300F3B4C9 /* player.jpg */,
				A54B43781CF190D400A5F261 /* Main.storyboard */,
				A54B437B1CF190D400A5F261 /* Assets.xcassets */,
				A54B437D1CF190D400A5F261 /* LaunchScreen.storyboard */,
				A54B43801CF190D400A5F261 /* Info.plist */,
				A54B436A1CF190D300A5F261 /* Supporting Files */,
			);
			path = "A game";
			sourceTree = "<group>";
		};
		A54B436A1CF190D300A5F261 /* Supporting Files */ = {
			isa = PBXGroup;
			children = (
				A54B436B1CF190D300A5F261 /* main.m */,
			);
			name = "Supporting Files";
			sourceTree = "<group>";
		};
/* End PBXGroup section */

/* Begin PBXNativeTarget section */
		A54B43661CF190D300A5F261 /* A game */ = {
			isa = PBXNativeTarget;
			buildConfigurationList = A54B43831CF190D400A5F261 /* Build configuration list for PBXNativeTarget "A game" */;
			buildPhases = (
				A54B43631CF190D300A5F261 /* Sources */,
				A54B43641CF190D300A5F261 /* Frameworks */,
				A54B43651CF190D300A5F261 /* Resources */,
			);
			buildRules = (
			);
			dependencies = (
			);
			name = "A game";
			productName = "A game";
			productReference = A54B43671CF190D300A5F261 /* A game.app */;
			productType = "com.apple.product-type.application";
		};
/* End PBXNativeTarget section */

/* Begin PBXProject section */
		A54B435F1CF190D300A5F261 /* Project object */ = {
			isa = PBXProject;
			attributes = {
				LastUpgradeCheck = 0730;
				ORGANIZATIONNAME = apple;
				TargetAttributes = {
					A54B43661CF190D300A5F261 = {
						CreatedOnToolsVersion = 7.3.1;
						DevelopmentTeam = M69RR6XBWE;
					};
				};
			};
			buildConfigurationList = A54B43621CF190D300A5F261 /* Build configuration list for PBXProject "A game" */;
			compatibilityVersion = "Xcode 3.2";
			developmentRegion = English;
			hasScannedForEncodings = 0;
			knownRegions = (
				en,
				Base,
			);
			mainGroup = A54B435E1CF190D300A5F261;
			productRefGroup = A54B43681CF190D300A5F261 /* Products */;
			projectDirPath = "";
			projectRoot = "";
			targets = (
				A54B43661CF190D300A5F261 /* A game */,
			);
		};
/* End PBXProject section */

/* Begin PBXResourcesBuildPhase section */
		A54B43651CF190D300A5F261 /* Resources */ = {
			isa = PBXResourcesBuildPhase;
			buildActionMask = 2147483647;
			files = (
				A525AA191CF2A83300F3B4C9 /* player.jpg in Resources */,
				A54B43741CF190D300A5F261 /* GameScene.sks in Resources */,
				A525AA131CF29BA100F3B4C9 /* bullet.jpg in Resources */,
				A54B437F1CF190D400A5F261 /* LaunchScreen.storyboard in Resources */,
				A54B437C1CF190D400A5F261 /* Assets.xcassets in Resources */,
				A54B438D1CF1BF7000A5F261 /* monster.jpg in Resources */,
				A54B437A1CF190D400A5F261 /* Main.storyboard in Resources */,
			);
			runOnlyForDeploymentPostprocessing = 0;
		};
/* End PBXResourcesBuildPhase section */

/* Begin PBXSourcesBuildPhase section */
		A54B43631CF190D300A5F261 /* Sources */ = {
			isa = PBXSourcesBuildPhase;
			buildActionMask = 2147483647;
			files = (
				A54B43901CF1CBF800A5F261 /* GameOverScene.m in Sources */,
				A54B43771CF190D400A5F261 /* GameViewController.m in Sources */,
				A54B436F1CF190D300A5F261 /* AppDelegate.m in Sources */,
				A5D5A2851CF30C1C0019F03E /* GameAgainBtn.m in Sources */,
				A54B43721CF190D300A5F261 /* GameScene.m in Sources */,
				A54B436C1CF190D300A5F261 /* main.m in Sources */,
			);
			runOnlyForDeploymentPostprocessing = 0;
		};
/* End PBXSourcesBuildPhase section */

/* Begin PBXVariantGroup section */
		A54B43781CF190D400A5F261 /* Main.storyboard */ = {
			isa = PBXVariantGroup;
			children = (
				A54B43791CF190D400A5F261 /* Base */,
			);
			name = Main.storyboard;
			sourceTree = "<group>";
		};
		A54B437D1CF190D400A5F261 /* LaunchScreen.storyboard */ = {
			isa = PBXVariantGroup;
			children = (
				A54B437E1CF190D400A5F261 /* Base */,
			);
			name = LaunchScreen.storyboard;
			sourceTree = "<group>";
		};
/* End PBXVariantGroup section */

/* Begin XCBuildConfiguration section */
		A54B43811CF190D400A5F261 /* Debug */ = {
			isa = XCBuildConfiguration;
			buildSettings = {
				ALWAYS_SEARCH_USER_PATHS = NO;
				CLANG_ANALYZER_NONNULL = YES;
				CLANG_CXX_LANGUAGE_STANDARD = "gnu++0x";
				CLANG_CXX_LIBRARY = "libc++";
				CLANG_ENABLE_MODULES = YES;
				CLANG_ENABLE_OBJC_ARC = YES;
				CLANG_WARN_BOOL_CONVERSION = YES;
				CLANG_WARN_CONSTANT_CONVERSION = YES;
				CLANG_WARN_DIRECT_OBJC_ISA_USAGE = YES_ERROR;
				CLANG_WARN_EMPTY_BODY = YES;
				CLANG_WARN_ENUM_CONVERSION = YES;
				CLANG_WARN_INT_CONVERSION = YES;
				CLANG_WARN_OBJC_ROOT_CLASS = YES_ERROR;
				CLANG_WARN_UNREACHABLE_CODE = YES;
				CLANG_WARN__DUPLICATE_METHOD_MATCH = YES;
				"CODE_SIGN_IDENTITY[sdk=iphoneos*]" = "iPhone Developer";
				COPY_PHASE_STRIP = NO;
				DEBUG_INFORMATION_FORMAT = "dwarf-with-dsym";
				ENABLE_STRICT_OBJC_MSGSEND = YES;
				ENABLE_TESTABILITY = YES;
				GCC_C_LANGUAGE_STANDARD = gnu99;
				GCC_DYNAMIC_NO_PIC = NO;
				GCC_NO_COMMON_BLOCKS = YES;
				GCC_OPTIMIZATION_LEVEL = 0;
				GCC_PREPROCESSOR_DEFINITIONS = (
					"DEBUG=1",
					"$(inherited)",
				);
				GCC_WARN_64_TO_32_BIT_CONVERSION = YES;
				GCC_WARN_ABOUT_RETURN_TYPE = YES_ERROR;
				GCC_WARN_UNDECLARED_SELECTOR = YES;
				GCC_WARN_UNINITIALIZED_AUTOS = YES_AGGRESSIVE;
				GCC_WARN_UNUSED_FUNCTION = YES;
				GCC_WARN_UNUSED_VARIABLE = YES;
				IPHONEOS_DEPLOYMENT_TARGET = 9.3;
				MTL_ENABLE_DEBUG_INFO = YES;
				ONLY_ACTIVE_ARCH = YES;
				SDKROOT = iphoneos;
			};
			name = Debug;
		};
		A54B43821CF190D400A5F261 /* Release */ = {
			isa = XCBuildConfiguration;
			buildSettings = {
				ALWAYS_SEARCH_USER_PATHS = NO;
				CLANG_ANALYZER_NONNULL = YES;
				CLANG_CXX_LANGUAGE_STANDARD = "gnu++0x";
				CLANG_CXX_LIBRARY = "libc++";
				CLANG_ENABLE_MODULES = YES;
				CLANG_ENABLE_OBJC_ARC = YES;
				CLANG_WARN_BOOL_CONVERSION = YES;
				CLANG_WARN_CONSTANT_CONVERSION = YES;
				CLANG_WARN_DIRECT_OBJC_ISA_USAGE = YES_ERROR;
				CLANG_WARN_EMPTY_BODY = YES;
				CLANG_WARN_ENUM_CONVERSION = YES;
				CLANG_WARN_INT_CONVERSION = YES;
				CLANG_WARN_OBJC_ROOT_CLASS = YES_ERROR;
				CLANG_WARN_UNREACHABLE_CODE = YES;
				CLANG_WARN__DUPLICATE_METHOD_MATCH = YES;
				"CODE_SIGN_IDENTITY[sdk=iphoneos*]" = "iPhone Developer";
				COPY_PHASE_STRIP = NO;
				DEBUG_INFORMATION_FORMAT = "dwarf-with-dsym";
				ENABLE_NS_ASSERTIONS = NO;
				ENABLE_STRICT_OBJC_MSGSEND = YES;
				GCC_C_LANGUAGE_STANDARD = gnu99;
				GCC_NO_COMMON_BLOCKS = YES;
				GCC_WARN_64_TO_32_BIT_CONVERSION = YES;
				GCC_WARN_ABOUT_RETURN_TYPE = YES_ERROR;
				GCC_WARN_UNDECLARED_SELECTOR = YES;
				GCC_WARN_UNINITIALIZED_AUTOS = YES_AGGRESSIVE;
				GCC_WARN_UNUSED_FUNCTION = YES;
				GCC_WARN_UNUSED_VARIABLE = YES;
				IPHONEOS_DEPLOYMENT_TARGET = 9.3;
				MTL_ENABLE_DEBUG_INFO = NO;
				SDKROOT = iphoneos;
				VALIDATE_PRODUCT = YES;
			};
			name = Release;
		};
		A54B43841CF190D400A5F261 /* Debug */ = {
			isa = XCBuildConfiguration;
			buildSettings = {
				ASSETCATALOG_COMPILER_APPICON_NAME = AppIcon;
				INFOPLIST_FILE = "A game/Info.plist";
				LD_RUNPATH_SEARCH_PATHS = "$(inherited) @executable_path/Frameworks";
				PRODUCT_BUNDLE_IDENTIFIER = "com.AuRb.A-game";
				PRODUCT_NAME = "$(TARGET_NAME)";
			};
			name = Debug;
		};
		A54B43851CF190D400A5F261 /* Release */ = {
			isa = XCBuildConfiguration;
			buildSettings = {
				ASSETCATALOG_COMPILER_APPICON_NAME = AppIcon;
				INFOPLIST_FILE = "A game/Info.plist";
				LD_RUNPATH_SEARCH_PATHS = "$(inherited) @executable_path/Frameworks";
				PRODUCT_BUNDLE_IDENTIFIER = "com.AuRb.A-game";
				PRODUCT_NAME = "$(TARGET_NAME)";
			};
			name = Release;
		};
/* End XCBuildConfiguration section */

/* Begin XCConfigurationList section */
		A54B43621CF190D300A5F261 /* Build configuration list for PBXProject "A game" */ = {
			isa = XCConfigurationList;
			buildConfigurations = (
				A54B43811CF190D400A5F261 /* Debug */,
				A54B43821CF190D400A5F261 /* Release */,
			);
			defaultConfigurationIsVisible = 0;
			defaultConfigurationName = Release;
		};
		A54B43831CF190D400A5F261 /* Build configuration list for PBXNativeTarget "A game" */ = {
			isa = XCConfigurationList;
			buildConfigurations = (
				A54B43841CF190D400A5F261 /* Debug */,
				A54B43851CF190D400A5F261 /* Release */,
			);
			defaultConfigurationIsVisible = 0;
			defaultConfigurationName = Release;
		};
/* End XCConfigurationList section */
	};
	rootObject = A54B435F1CF190D300A5F261 /* Project object */;
}
